
Microsoft Visual Studio Solution File, Format Version 12.00
# Visual Studio Version 17
VisualStudioVersion = 17.3.32922.545
MinimumVisualStudioVersion = 10.0.40219.1
Project("{9A19103F-16F7-4668-BE54-9A1E7A4F7556}") = "KooliProjekt", "KooliProjekt\KooliProjekt.csproj", "{B6064AB2-66AC-4896-9DFE-E8C97404F6E0}"
EndProject
Project("{9A19103F-16F7-4668-BE54-9A1E7A4F7556}") = "KooliProjekt.UnitTests", "KooliProjekt.UnitTests\KooliProjekt.UnitTests.csproj", "{BD66F19D-5CB9-4A6B-8DA9-3F765510CBE8}"
EndProject
Project("{FAE04EC0-301F-11D3-BF4B-00C04F79EFBC}") = "KooliProjekt.IntegrationTests", "KooliProjekt.IntegrationTests\KooliProjekt.IntegrationTests.csproj", "{3A7D9D29-425C-86E8-EECE-B666CE7CD094}"
EndProject
Project("{FAE04EC0-301F-11D3-BF4B-00C04F79EFBC}") = "WpfApp1", "WpfApp1\WpfApp1.csproj", "{9D621F20-FCBC-4E65-B8D6-1449307A4929}"
EndProject
Project("{FAE04EC0-301F-11D3-BF4B-00C04F79EFBC}") = "KooliProjekt.WpfApp.UnitTests", "KooliProjekt.WpfApp.UnitTests\KooliProjekt.WpfApp.UnitTests.csproj", "{E9BB1739-3324-4BEF-9EF3-ABF25A3A0F48}"
EndProject
Project("{FAE04EC0-301F-11D3-BF4B-00C04F79EFBC}") = "WinFormsApp", "..\..\Downloads\KooliProjekt.WinFormsApp\KooliProjekt.WinFormsApp\WinFormsApp.csproj", "{D6E9548A-1C68-4BD5-B644-467331A979D5}"
EndProject
Project("{FAE04EC0-301F-11D3-BF4B-00C04F79EFBC}") = "KooliProjekt.WinFormsApp.Tests", "KooliProjekt.WinFormsApp.Tests\KooliProjekt.WinFormsApp.Tests.csproj", "{42DA1D02-60F0-41CB-A256-103D9FD7A55F}"
EndProject
Project("{FAE04EC0-301F-11D3-BF4B-00C04F79EFBC}") = "BlazorApp", "BlazorApp\BlazorApp.csproj", "{B542921D-6649-42F2-85F0-985458857BEA}"
EndProject
Global
	GlobalSection(SolutionConfigurationPlatforms) = preSolution
		Debug|Any CPU = Debug|Any CPU
		Release|Any CPU = Release|Any CPU
	EndGlobalSection
	GlobalSection(ProjectConfigurationPlatforms) = postSolution
		{B6064AB2-66AC-4896-9DFE-E8C97404F6E0}.Debug|Any CPU.ActiveCfg = Debug|Any CPU
		{B6064AB2-66AC-4896-9DFE-E8C97404F6E0}.Debug|Any CPU.Build.0 = Debug|Any CPU
		{B6064AB2-66AC-4896-9DFE-E8C97404F6E0}.Release|Any CPU.ActiveCfg = Release|Any CPU
		{B6064AB2-66AC-4896-9DFE-E8C97404F6E0}.Release|Any CPU.Build.0 = Release|Any CPU
		{BD66F19D-5CB9-4A6B-8DA9-3F765510CBE8}.Debug|Any CPU.ActiveCfg = Debug|Any CPU
		{BD66F19D-5CB9-4A6B-8DA9-3F765510CBE8}.Debug|Any CPU.Build.0 = Debug|Any CPU
		{BD66F19D-5CB9-4A6B-8DA9-3F765510CBE8}.Release|Any CPU.ActiveCfg = Release|Any CPU
		{BD66F19D-5CB9-4A6B-8DA9-3F765510CBE8}.Release|Any CPU.Build.0 = Release|Any CPU
		{3A7D9D29-425C-86E8-EECE-B666CE7CD094}.Debug|Any CPU.ActiveCfg = Debug|Any CPU
		{3A7D9D29-425C-86E8-EECE-B666CE7CD094}.Debug|Any CPU.Build.0 = Debug|Any CPU
		{3A7D9D29-425C-86E8-EECE-B666CE7CD094}.Release|Any CPU.ActiveCfg = Release|Any CPU
		{3A7D9D29-425C-86E8-EECE-B666CE7CD094}.Release|Any CPU.Build.0 = Release|Any CPU
		{9D621F20-FCBC-4E65-B8D6-1449307A4929}.Debug|Any CPU.ActiveCfg = Debug|Any CPU
		{9D621F20-FCBC-4E65-B8D6-1449307A4929}.Debug|Any CPU.Build.0 = Debug|Any CPU
		{9D621F20-FCBC-4E65-B8D6-1449307A4929}.Release|Any CPU.ActiveCfg = Release|Any CPU
		{9D621F20-FCBC-4E65-B8D6-1449307A4929}.Release|Any CPU.Build.0 = Release|Any CPU
		{E9BB1739-3324-4BEF-9EF3-ABF25A3A0F48}.Debug|Any CPU.ActiveCfg = Debug|Any CPU
		{E9BB1739-3324-4BEF-9EF3-ABF25A3A0F48}.Debug|Any CPU.Build.0 = Debug|Any CPU
		{E9BB1739-3324-4BEF-9EF3-ABF25A3A0F48}.Release|Any CPU.ActiveCfg = Release|Any CPU
		{E9BB1739-3324-4BEF-9EF3-ABF25A3A0F48}.Release|Any CPU.Build.0 = Release|Any CPU
		{D6E9548A-1C68-4BD5-B644-467331A979D5}.Debug|Any CPU.ActiveCfg = Debug|Any CPU
		{D6E9548A-1C68-4BD5-B644-467331A979D5}.Debug|Any CPU.Build.0 = Debug|Any CPU
		{D6E9548A-1C68-4BD5-B644-467331A979D5}.Release|Any CPU.ActiveCfg = Release|Any CPU
		{D6E9548A-1C68-4BD5-B644-467331A979D5}.Release|Any CPU.Build.0 = Release|Any CPU
		{42DA1D02-60F0-41CB-A256-103D9FD7A55F}.Debug|Any CPU.ActiveCfg = Debug|Any CPU
		{42DA1D02-60F0-41CB-A256-103D9FD7A55F}.Debug|Any CPU.Build.0 = Debug|Any CPU
		{42DA1D02-60F0-41CB-A256-103D9FD7A55F}.Release|Any CPU.ActiveCfg = Release|Any CPU
		{42DA1D02-60F0-41CB-A256-103D9FD7A55F}.Release|Any CPU.Build.0 = Release|Any CPU
		{B542921D-6649-42F2-85F0-985458857BEA}.Debug|Any CPU.ActiveCfg = Debug|Any CPU
		{B542921D-6649-42F2-85F0-985458857BEA}.Debug|Any CPU.Build.0 = Debug|Any CPU
		{B542921D-6649-42F2-85F0-985458857BEA}.Release|Any CPU.ActiveCfg = Release|Any CPU
		{B542921D-6649-42F2-85F0-985458857BEA}.Release|Any CPU.Build.0 = Release|Any CPU
	EndGlobalSection
	GlobalSection(SolutionProperties) = preSolution
		HideSolutionNode = FALSE
	EndGlobalSection
	GlobalSection(ExtensibilityGlobals) = postSolution
		SolutionGuid = {792456E2-8406-497C-97E7-7999439674C1}
	EndGlobalSection
EndGlobal
